
Microsoft Visual Studio Solution File, Format Version 12.00
# Visual Studio Version 16
VisualStudioVersion = 16.0.28803.156
MinimumVisualStudioVersion = 10.0.40219.1
Project("{9A19103F-16F7-4668-BE54-9A1E7A4F7556}") = "AzureStorage", "AzureStorage\AzureStorage.csproj", "{64682A58-4971-429E-892A-6FBCC6B54B15}"
EndProject
Project("{FAE04EC0-301F-11D3-BF4B-00C04F79EFBC}") = "AzureStorageMVC", "AzureStorageMVC\AzureStorageMVC.csproj", "{62CBF37C-85D9-4A63-9A89-DF158AF4CA07}"
EndProject
Global
	GlobalSection(SolutionConfigurationPlatforms) = preSolution
		Debug|Any CPU = Debug|Any CPU
		Release|Any CPU = Release|Any CPU
	EndGlobalSection
	GlobalSection(ProjectConfigurationPlatforms) = postSolution
		{64682A58-4971-429E-892A-6FBCC6B54B15}.Debug|Any CPU.ActiveCfg = Debug|Any CPU
		{64682A58-4971-429E-892A-6FBCC6B54B15}.Debug|Any CPU.Build.0 = Debug|Any CPU
		{64682A58-4971-429E-892A-6FBCC6B54B15}.Release|Any CPU.ActiveCfg = Release|Any CPU
		{64682A58-4971-429E-892A-6FBCC6B54B15}.Release|Any CPU.Build.0 = Release|Any CPU
		{62CBF37C-85D9-4A63-9A89-DF158AF4CA07}.Debug|Any CPU.ActiveCfg = Debug|Any CPU
		{62CBF37C-85D9-4A63-9A89-DF158AF4CA07}.Debug|Any CPU.Build.0 = Debug|Any CPU
		{62CBF37C-85D9-4A63-9A89-DF158AF4CA07}.Release|Any CPU.ActiveCfg = Release|Any CPU
		{62CBF37C-85D9-4A63-9A89-DF158AF4CA07}.Release|Any CPU.Build.0 = Release|Any CPU
	EndGlobalSection
	GlobalSection(SolutionProperties) = preSolution
		HideSolutionNode = FALSE
	EndGlobalSection
	GlobalSection(ExtensibilityGlobals) = postSolution
		SolutionGuid = {FEE9CD6E-78AF-452B-BAEA-005824391EC7}
	EndGlobalSection
EndGlobal
